
Microsoft Visual Studio Solution File, Format Version 12.00
# Visual Studio Version 17
VisualStudioVersion = 17.5.33530.505
MinimumVisualStudioVersion = 10.0.40219.1
Project("{FAE04EC0-301F-11D3-BF4B-00C04F79EFBC}") = "WpfApp1", "WpfApp1.csproj", "{EE92DEB7-6C72-4850-A520-B4508040901C}"
EndProject
Global
	GlobalSection(SolutionConfigurationPlatforms) = preSolution
		Debug|Any CPU = Debug|Any CPU
		Release|Any CPU = Release|Any CPU
	EndGlobalSection
	GlobalSection(ProjectConfigurationPlatforms) = postSolution
		{EE92DEB7-6C72-4850-A520-B4508040901C}.Debug|Any CPU.ActiveCfg = Debug|Any CPU
		{EE92DEB7-6C72-4850-A520-B4508040901C}.Debug|Any CPU.Build.0 = Debug|Any CPU
		{EE92DEB7-6C72-4850-A520-B4508040901C}.Release|Any CPU.ActiveCfg = Release|Any CPU
		{EE92DEB7-6C72-4850-A520-B4508040901C}.Release|Any CPU.Build.0 = Release|Any CPU
	EndGlobalSection
	GlobalSection(SolutionProperties) = preSolution
		HideSolutionNode = FALSE
	EndGlobalSection
	GlobalSection(ExtensibilityGlobals) = postSolution
		SolutionGuid = {76E1D63E-CF9E-4810-9C5E-4116EBCF84E0}
	EndGlobalSection
EndGlobal
